<?xml version="1.0" encoding="utf-8"?>
<Project ToolsVersion="4.0" xmlns="http://schemas.microsoft.com/developer/msbuild/2003">
  <ItemGroup>
    <Filter Include="Source Files">
      <UniqueIdentifier>{4FC737F1-C7A5-4376-A066-2A32D752A2FF}</UniqueIdentifier>
      <Extensions>cpp;c;cc;cxx;def;odl;idl;hpj;bat;asm;asmx</Extensions>
    </Filter>
    <Filter Include="Header Files">
      <UniqueIdentifier>{93995380-89BD-4b04-88EB-625FBE52EBFB}</UniqueIdentifier>
      <Extensions>h;hh;hpp;hxx;hm;inl;inc;xsd</Extensions>
    </Filter>
    <Filter Include="Resource Files">
      <UniqueIdentifier>{67DA6AB6-F800-4c08-8B7A-83BB121AAD01}</UniqueIdentifier>
      <Extensions>rc;ico;cur;bmp;dlg;rc2;rct;bin;rgs;gif;jpg;jpeg;jpe;resx;tiff;tif;png;wav;mfcribbon-ms</Extensions>
    </Filter>
    <Filter Include="Header Files\states">
      <UniqueIdentifier>{dab6fa76-5f78-4169-a93a-a11e8ca9d9f7}</UniqueIdentifier>
    </Filter>
    <Filter Include="Source Files\states">
      <UniqueIdentifier>{dffa517c-47cc-47bf-a330-f3fa26106d55}</UniqueIdentifier>
    </Filter>
    <Filter Include="Header Files\scene">
      <UniqueIdentifier>{4399513d-ab04-46c4-aa4b-6d03391091c6}</UniqueIdentifier>
    </Filter>
    <Filter Include="Source Files\scene">
      <UniqueIdentifier>{fb8aadd5-6f88-440e-9b4a-956b873b0a38}</UniqueIdentifier>
    </Filter>
    <Filter Include="Header Files\commands">
      <UniqueIdentifier>{d05d54f0-b757-4b78-a010-794643cf58cf}</UniqueIdentifier>
    </Filter>
  </ItemGroup>
  <ItemGroup>
    <ClCompile Include="main.cpp">
      <Filter>Source Files</Filter>
    </ClCompile>
    <ClCompile Include="src\application.cpp">
      <Filter>Source Files</Filter>
    </ClCompile>
    <ClCompile Include="src\states\game_state.cpp">
      <Filter>Source Files\states</Filter>
    </ClCompile>
    <ClCompile Include="src\states\loading_state.cpp">
      <Filter>Source Files\states</Filter>
    </ClCompile>
    <ClCompile Include="src\states\loading_task.cpp">
      <Filter>Source Files\states</Filter>
    </ClCompile>
    <ClCompile Include="src\states\menu_state.cpp">
      <Filter>Source Files\states</Filter>
    </ClCompile>
    <ClCompile Include="src\states\pause_state.cpp">
      <Filter>Source Files\states</Filter>
    </ClCompile>
    <ClCompile Include="src\states\settings_state.cpp">
      <Filter>Source Files\states</Filter>
    </ClCompile>
    <ClCompile Include="src\states\title_state.cpp">
      <Filter>Source Files\states</Filter>
    </ClCompile>
    <ClCompile Include="src\scene\aircraft.cpp">
      <Filter>Source Files\scene</Filter>
    </ClCompile>
    <ClCompile Include="src\scene\world.cpp">
      <Filter>Source Files\scene</Filter>
    </ClCompile>
    <ClCompile Include="src\player_impl.cpp">
      <Filter>Source Files</Filter>
    </ClCompile>
  </ItemGroup>
  <ItemGroup>
    <ClInclude Include="headers\application.h">
      <Filter>Header Files</Filter>
    </ClInclude>
    <ClInclude Include="headers\states\state_identifiers.h">
      <Filter>Header Files\states</Filter>
    </ClInclude>
    <ClInclude Include="headers\states\game_state.h">
      <Filter>Header Files\states</Filter>
    </ClInclude>
    <ClInclude Include="headers\states\loading_state.h">
      <Filter>Header Files\states</Filter>
    </ClInclude>
    <ClInclude Include="headers\states\loading_task.h">
      <Filter>Header Files\states</Filter>
    </ClInclude>
    <ClInclude Include="headers\states\menu_state.h">
      <Filter>Header Files\states</Filter>
    </ClInclude>
    <ClInclude Include="headers\states\pause_state.h">
      <Filter>Header Files\states</Filter>
    </ClInclude>
    <ClInclude Include="headers\states\settings_state.h">
      <Filter>Header Files\states</Filter>
    </ClInclude>
    <ClInclude Include="headers\states\title_state.h">
      <Filter>Header Files\states</Filter>
    </ClInclude>
    <ClInclude Include="headers\scene\aircraft.h">
      <Filter>Header Files\scene</Filter>
    </ClInclude>
    <ClInclude Include="headers\scene\world.h">
      <Filter>Header Files\scene</Filter>
    </ClInclude>
    <ClInclude Include="headers\player_impl.h">
      <Filter>Header Files</Filter>
    </ClInclude>
    <ClInclude Include="headers\commands\action.h">
      <Filter>Header Files\commands</Filter>
    </ClInclude>
  </ItemGroup>
</Project>