<?xml version="1.0" encoding="utf-8"?>
<Project ToolsVersion="4.0" xmlns="http://schemas.microsoft.com/developer/msbuild/2003">
  <ItemGroup>
    <Filter Include="Source Files">
      <UniqueIdentifier>{4FC737F1-C7A5-4376-A066-2A32D752A2FF}</UniqueIdentifier>
      <Extensions>cpp;c;cc;cxx;def;odl;idl;hpj;bat;asm;asmx</Extensions>
    </Filter>
    <Filter Include="Header Files">
      <UniqueIdentifier>{93995380-89BD-4b04-88EB-625FBE52EBFB}</UniqueIdentifier>
      <Extensions>h;hh;hpp;hxx;hm;inl;inc;xsd</Extensions>
    </Filter>
    <Filter Include="Resource Files">
      <UniqueIdentifier>{67DA6AB6-F800-4c08-8B7A-83BB121AAD01}</UniqueIdentifier>
      <Extensions>rc;ico;cur;bmp;dlg;rc2;rct;bin;rgs;gif;jpg;jpeg;jpe;resx;tiff;tif;png;wav;mfcribbon-ms</Extensions>
    </Filter>
    <Filter Include="Source Files\states">
      <UniqueIdentifier>{7e7be110-899e-45eb-a084-a3f06e514ada}</UniqueIdentifier>
    </Filter>
    <Filter Include="Source Files\scene">
      <UniqueIdentifier>{06178678-4641-464a-bcbc-61146a298c4a}</UniqueIdentifier>
    </Filter>
    <Filter Include="Source Files\gui">
      <UniqueIdentifier>{99174074-d723-42c2-adbd-d51ef3fa0ec5}</UniqueIdentifier>
    </Filter>
    <Filter Include="Source Files\commands">
      <UniqueIdentifier>{c862ae24-18d4-4c79-976b-03c7e01d6bee}</UniqueIdentifier>
    </Filter>
    <Filter Include="Header Files\commands">
      <UniqueIdentifier>{1920e45c-62e9-4f92-942f-1a05e94f732c}</UniqueIdentifier>
    </Filter>
    <Filter Include="Header Files\gui">
      <UniqueIdentifier>{dede87fc-5391-4781-9dcf-717433eb17c2}</UniqueIdentifier>
    </Filter>
    <Filter Include="Header Files\resources">
      <UniqueIdentifier>{b4a4ef85-539a-4522-b7a3-b26527f4046e}</UniqueIdentifier>
    </Filter>
    <Filter Include="Header Files\scene">
      <UniqueIdentifier>{c27f3195-b94c-43ab-8125-34d615079070}</UniqueIdentifier>
    </Filter>
    <Filter Include="Header Files\states">
      <UniqueIdentifier>{b2105bf0-a593-43e7-906e-65d56289cbd1}</UniqueIdentifier>
    </Filter>
  </ItemGroup>
  <ItemGroup>
    <ClCompile Include="src\player.cpp">
      <Filter>Source Files</Filter>
    </ClCompile>
    <ClCompile Include="src\utility.cpp">
      <Filter>Source Files</Filter>
    </ClCompile>
    <ClCompile Include="src\states\state.cpp">
      <Filter>Source Files\states</Filter>
    </ClCompile>
    <ClCompile Include="src\states\state_stack.cpp">
      <Filter>Source Files\states</Filter>
    </ClCompile>
    <ClCompile Include="src\scene\aircraft.cpp">
      <Filter>Source Files\scene</Filter>
    </ClCompile>
    <ClCompile Include="src\scene\entity.cpp">
      <Filter>Source Files\scene</Filter>
    </ClCompile>
    <ClCompile Include="src\scene\scene_node.cpp">
      <Filter>Source Files\scene</Filter>
    </ClCompile>
    <ClCompile Include="src\scene\sprite_node.cpp">
      <Filter>Source Files\scene</Filter>
    </ClCompile>
    <ClCompile Include="src\scene\world.cpp">
      <Filter>Source Files\scene</Filter>
    </ClCompile>
    <ClCompile Include="src\gui\button.cpp">
      <Filter>Source Files\gui</Filter>
    </ClCompile>
    <ClCompile Include="src\gui\component.cpp">
      <Filter>Source Files\gui</Filter>
    </ClCompile>
    <ClCompile Include="src\gui\container.cpp">
      <Filter>Source Files\gui</Filter>
    </ClCompile>
    <ClCompile Include="src\gui\label.cpp">
      <Filter>Source Files\gui</Filter>
    </ClCompile>
    <ClCompile Include="src\commands\command.cpp">
      <Filter>Source Files\commands</Filter>
    </ClCompile>
    <ClCompile Include="src\commands\command_queue.cpp">
      <Filter>Source Files\commands</Filter>
    </ClCompile>
    <ClCompile Include="src\engine.cpp">
      <Filter>Source Files</Filter>
    </ClCompile>
  </ItemGroup>
  <ItemGroup>
    <ClInclude Include="headers\engine\commands\command.h">
      <Filter>Header Files\commands</Filter>
    </ClInclude>
    <ClInclude Include="headers\engine\commands\command_queue.h">
      <Filter>Header Files\commands</Filter>
    </ClInclude>
    <ClInclude Include="headers\engine\gui\button.h">
      <Filter>Header Files\gui</Filter>
    </ClInclude>
    <ClInclude Include="headers\engine\gui\component.h">
      <Filter>Header Files\gui</Filter>
    </ClInclude>
    <ClInclude Include="headers\engine\gui\container.h">
      <Filter>Header Files\gui</Filter>
    </ClInclude>
    <ClInclude Include="headers\engine\gui\label.h">
      <Filter>Header Files\gui</Filter>
    </ClInclude>
    <ClInclude Include="headers\engine\resources\fonts.h">
      <Filter>Header Files\resources</Filter>
    </ClInclude>
    <ClInclude Include="headers\engine\resources\resource_holder.h">
      <Filter>Header Files\resources</Filter>
    </ClInclude>
    <ClInclude Include="headers\engine\resources\textures.h">
      <Filter>Header Files\resources</Filter>
    </ClInclude>
    <ClInclude Include="headers\engine\states\state.h">
      <Filter>Header Files\states</Filter>
    </ClInclude>
    <ClInclude Include="headers\engine\states\state_stack.h">
      <Filter>Header Files\states</Filter>
    </ClInclude>
    <ClInclude Include="headers\engine\scene\aircraft.h">
      <Filter>Header Files\scene</Filter>
    </ClInclude>
    <ClInclude Include="headers\engine\scene\category.h">
      <Filter>Header Files\scene</Filter>
    </ClInclude>
    <ClInclude Include="headers\engine\scene\entity.h">
      <Filter>Header Files\scene</Filter>
    </ClInclude>
    <ClInclude Include="headers\engine\scene\layers.h">
      <Filter>Header Files\scene</Filter>
    </ClInclude>
    <ClInclude Include="headers\engine\scene\scene_node.h">
      <Filter>Header Files\scene</Filter>
    </ClInclude>
    <ClInclude Include="headers\engine\scene\sprite_node.h">
      <Filter>Header Files\scene</Filter>
    </ClInclude>
    <ClInclude Include="headers\engine\scene\world.h">
      <Filter>Header Files\scene</Filter>
    </ClInclude>
    <ClInclude Include="headers\engine\player.h">
      <Filter>Header Files</Filter>
    </ClInclude>
    <ClInclude Include="headers\engine\utility.h">
      <Filter>Header Files</Filter>
    </ClInclude>
    <ClInclude Include="headers\engine\engine.h">
      <Filter>Header Files</Filter>
    </ClInclude>
  </ItemGroup>
</Project>